
Microsoft Visual Studio Solution File, Format Version 12.00
# Visual Studio Version 17
VisualStudioVersion = 17.4.33213.308
MinimumVisualStudioVersion = 10.0.40219.1
Project("{9A19103F-16F7-4668-BE54-9A1E7A4F7556}") = "SoundEffect", "SoundEffect.csproj", "{FEAE7B81-510B-4FB9-9AA7-1FBCCC869331}"
EndProject
Global
	GlobalSection(SolutionConfigurationPlatforms) = preSolution
		Debug|Any CPU = Debug|Any CPU
		Release|Any CPU = Release|Any CPU
	EndGlobalSection
	GlobalSection(ProjectConfigurationPlatforms) = postSolution
		{FEAE7B81-510B-4FB9-9AA7-1FBCCC869331}.Debug|Any CPU.ActiveCfg = Debug|Any CPU
		{FEAE7B81-510B-4FB9-9AA7-1FBCCC869331}.Debug|Any CPU.Build.0 = Debug|Any CPU
		{FEAE7B81-510B-4FB9-9AA7-1FBCCC869331}.Release|Any CPU.ActiveCfg = Release|Any CPU
		{FEAE7B81-510B-4FB9-9AA7-1FBCCC869331}.Release|Any CPU.Build.0 = Release|Any CPU
	EndGlobalSection
	GlobalSection(SolutionProperties) = preSolution
		HideSolutionNode = FALSE
	EndGlobalSection
	GlobalSection(ExtensibilityGlobals) = postSolution
		SolutionGuid = {13FD6140-204C-4633-B5FF-C19551DEFD76}
	EndGlobalSection
EndGlobal
